
Microsoft Visual Studio Solution File, Format Version 12.00
# Visual Studio Version 17
VisualStudioVersion = 17.3.32825.248
MinimumVisualStudioVersion = 10.0.40219.1
Project("{FAE04EC0-301F-11D3-BF4B-00C04F79EFBC}") = "CustomersProducts", "CustomersProducts\CustomersProducts.csproj", "{063EEE60-B08E-4FDC-8729-762940A24154}"
EndProject
Global
	GlobalSection(SolutionConfigurationPlatforms) = preSolution
		Debug|Any CPU = Debug|Any CPU
		Release|Any CPU = Release|Any CPU
	EndGlobalSection
	GlobalSection(ProjectConfigurationPlatforms) = postSolution
		{063EEE60-B08E-4FDC-8729-762940A24154}.Debug|Any CPU.ActiveCfg = Debug|Any CPU
		{063EEE60-B08E-4FDC-8729-762940A24154}.Debug|Any CPU.Build.0 = Debug|Any CPU
		{063EEE60-B08E-4FDC-8729-762940A24154}.Release|Any CPU.ActiveCfg = Release|Any CPU
		{063EEE60-B08E-4FDC-8729-762940A24154}.Release|Any CPU.Build.0 = Release|Any CPU
	EndGlobalSection
	GlobalSection(SolutionProperties) = preSolution
		HideSolutionNode = FALSE
	EndGlobalSection
	GlobalSection(ExtensibilityGlobals) = postSolution
		SolutionGuid = {51AE1293-9EDD-4512-8A73-D0FF579CD187}
	EndGlobalSection
EndGlobal
